
Microsoft Visual Studio Solution File, Format Version 12.00
# Visual Studio Version 16
VisualStudioVersion = 16.0.29424.173
MinimumVisualStudioVersion = 10.0.40219.1
Project("{FAE04EC0-301F-11D3-BF4B-00C04F79EFBC}") = "KundeOrdre", "KundeOrdre\KundeOrdre.csproj", "{D0313246-3E23-4323-AFBC-D7785AD5EFA2}"
EndProject
Global
	GlobalSection(SolutionConfigurationPlatforms) = preSolution
		Debug|Any CPU = Debug|Any CPU
		Release|Any CPU = Release|Any CPU
	EndGlobalSection
	GlobalSection(ProjectConfigurationPlatforms) = postSolution
		{D0313246-3E23-4323-AFBC-D7785AD5EFA2}.Debug|Any CPU.ActiveCfg = Debug|Any CPU
		{D0313246-3E23-4323-AFBC-D7785AD5EFA2}.Debug|Any CPU.Build.0 = Debug|Any CPU
		{D0313246-3E23-4323-AFBC-D7785AD5EFA2}.Release|Any CPU.ActiveCfg = Release|Any CPU
		{D0313246-3E23-4323-AFBC-D7785AD5EFA2}.Release|Any CPU.Build.0 = Release|Any CPU
	EndGlobalSection
	GlobalSection(SolutionProperties) = preSolution
		HideSolutionNode = FALSE
	EndGlobalSection
	GlobalSection(ExtensibilityGlobals) = postSolution
		SolutionGuid = {43AF7BE5-F291-407F-A7EC-32D47B2214B1}
	EndGlobalSection
EndGlobal
