
Microsoft Visual Studio Solution File, Format Version 12.00
# Visual Studio 15
Project("{FAE04EC0-301F-11D3-BF4B-00C04F79EFBC}") = "KundeApp2", "KundeApp2\KundeApp2.csproj", "{D21394E1-0CEF-4482-8F2B-91F032F8736D}"
EndProject
Project("{FAE04EC0-301F-11D3-BF4B-00C04F79EFBC}") = "KundeApp2Test", "KundeApp2Test\KundeApp2Test.csproj", "{4432D4A3-DD94-4143-BE5B-72B5A66D4C03}"
EndProject
Global
	GlobalSection(SolutionConfigurationPlatforms) = preSolution
		Debug|Any CPU = Debug|Any CPU
		Release|Any CPU = Release|Any CPU
	EndGlobalSection
	GlobalSection(ProjectConfigurationPlatforms) = postSolution
		{D21394E1-0CEF-4482-8F2B-91F032F8736D}.Debug|Any CPU.ActiveCfg = Debug|Any CPU
		{D21394E1-0CEF-4482-8F2B-91F032F8736D}.Debug|Any CPU.Build.0 = Debug|Any CPU
		{D21394E1-0CEF-4482-8F2B-91F032F8736D}.Release|Any CPU.ActiveCfg = Release|Any CPU
		{D21394E1-0CEF-4482-8F2B-91F032F8736D}.Release|Any CPU.Build.0 = Release|Any CPU
		{4432D4A3-DD94-4143-BE5B-72B5A66D4C03}.Debug|Any CPU.ActiveCfg = Debug|Any CPU
		{4432D4A3-DD94-4143-BE5B-72B5A66D4C03}.Debug|Any CPU.Build.0 = Debug|Any CPU
		{4432D4A3-DD94-4143-BE5B-72B5A66D4C03}.Release|Any CPU.ActiveCfg = Release|Any CPU
		{4432D4A3-DD94-4143-BE5B-72B5A66D4C03}.Release|Any CPU.Build.0 = Release|Any CPU
	EndGlobalSection
EndGlobal
